Microsoft Visual Studio Solution File, Format Version 12.00
# Visual Studio Version 17
VisualStudioVersion = 17.5.2.0
MinimumVisualStudioVersion = 10.0.40219.1
Project("{FAE04EC0-301F-11D3-BF4B-00C04F79EFBC}") = "nire", "nire.csproj", "{06A4007D-F547-43B8-A840-F2EDBB5EAC01}"
EndProject
Global
	GlobalSection(SolutionConfigurationPlatforms) = preSolution
		Debug|Any CPU = Debug|Any CPU
		Release|Any CPU = Release|Any CPU
	EndGlobalSection
	GlobalSection(ProjectConfigurationPlatforms) = postSolution
		{06A4007D-F547-43B8-A840-F2EDBB5EAC01}.Debug|Any CPU.ActiveCfg = Debug|Any CPU
		{06A4007D-F547-43B8-A840-F2EDBB5EAC01}.Debug|Any CPU.Build.0 = Debug|Any CPU
		{06A4007D-F547-43B8-A840-F2EDBB5EAC01}.Release|Any CPU.ActiveCfg = Release|Any CPU
		{06A4007D-F547-43B8-A840-F2EDBB5EAC01}.Release|Any CPU.Build.0 = Release|Any CPU
	EndGlobalSection
	GlobalSection(SolutionProperties) = preSolution
		HideSolutionNode = FALSE
	EndGlobalSection
	GlobalSection(ExtensibilityGlobals) = postSolution
		SolutionGuid = {696D3F1D-3E31-42A3-AA4D-6B09C562840B}
	EndGlobalSection
EndGlobal
